
Microsoft Visual Studio Solution File, Format Version 12.00
# Visual Studio Version 17
VisualStudioVersion = 17.2.32602.215
MinimumVisualStudioVersion = 10.0.40219.1
Project("{FAE04EC0-301F-11D3-BF4B-00C04F79EFBC}") = "Sweeft_Digital_7", "Sweeft_Digital_7\Sweeft_Digital_7.csproj", "{0A6DE7CF-179E-4FA1-BE86-C63C2FBBF51C}"
EndProject
Global
	GlobalSection(SolutionConfigurationPlatforms) = preSolution
		Debug|Any CPU = Debug|Any CPU
		Release|Any CPU = Release|Any CPU
	EndGlobalSection
	GlobalSection(ProjectConfigurationPlatforms) = postSolution
		{0A6DE7CF-179E-4FA1-BE86-C63C2FBBF51C}.Debug|Any CPU.ActiveCfg = Debug|Any CPU
		{0A6DE7CF-179E-4FA1-BE86-C63C2FBBF51C}.Debug|Any CPU.Build.0 = Debug|Any CPU
		{0A6DE7CF-179E-4FA1-BE86-C63C2FBBF51C}.Release|Any CPU.ActiveCfg = Release|Any CPU
		{0A6DE7CF-179E-4FA1-BE86-C63C2FBBF51C}.Release|Any CPU.Build.0 = Release|Any CPU
	EndGlobalSection
	GlobalSection(SolutionProperties) = preSolution
		HideSolutionNode = FALSE
	EndGlobalSection
	GlobalSection(ExtensibilityGlobals) = postSolution
		SolutionGuid = {467D68F9-78BE-41E5-808E-9C8D875C9235}
	EndGlobalSection
EndGlobal
